
Microsoft Visual Studio Solution File, Format Version 12.00
# Visual Studio Version 16
VisualStudioVersion = 16.0.30413.136
MinimumVisualStudioVersion = 10.0.40219.1
Project("{FAE04EC0-301F-11D3-BF4B-00C04F79EFBC}") = "BeerOClock", "BeerOClock\BeerOClock.csproj", "{2432CA52-29C1-45A7-90B3-67319845F06F}"
EndProject
Global
	GlobalSection(SolutionConfigurationPlatforms) = preSolution
		Debug|Any CPU = Debug|Any CPU
		Release|Any CPU = Release|Any CPU
	EndGlobalSection
	GlobalSection(ProjectConfigurationPlatforms) = postSolution
		{2432CA52-29C1-45A7-90B3-67319845F06F}.Debug|Any CPU.ActiveCfg = Debug|Any CPU
		{2432CA52-29C1-45A7-90B3-67319845F06F}.Debug|Any CPU.Build.0 = Debug|Any CPU
		{2432CA52-29C1-45A7-90B3-67319845F06F}.Release|Any CPU.ActiveCfg = Release|Any CPU
		{2432CA52-29C1-45A7-90B3-67319845F06F}.Release|Any CPU.Build.0 = Release|Any CPU
	EndGlobalSection
	GlobalSection(SolutionProperties) = preSolution
		HideSolutionNode = FALSE
	EndGlobalSection
	GlobalSection(ExtensibilityGlobals) = postSolution
		SolutionGuid = {659D63AD-284F-40F0-9437-5B0B98FB8682}
	EndGlobalSection
EndGlobal
